// !$*UTF8*$!
{
	archiveVersion = 1;
	classes = {
	};
	objectVersion = 50;
	objects = {

/* Begin PBXBuildFile section */
		9B98781923F4BD1D00ECCBD5 /* main.swift in Sources */ = {isa = PBXBuildFile; fileRef = 9B98781823F4BD1D00ECCBD5 /* main.swift */; };
		9B98782023F4C09C00ECCBD5 /* IDisplay.swift in Sources */ = {isa = PBXBuildFile; fileRef = 9B98781F23F4C09C00ECCBD5 /* IDisplay.swift */; };
		9B98782223F4C49200ECCBD5 /* Vehicle.swift in Sources */ = {isa = PBXBuildFile; fileRef = 9B98782123F4C49200ECCBD5 /* Vehicle.swift */; };
		BD09D8BD23F4DB080039A0A2 /* Person.swift in Sources */ = {isa = PBXBuildFile; fileRef = BD09D8BC23F4DB080039A0A2 /* Person.swift */; };
		BD09D8C123F4F7240039A0A2 /* Contact.swift in Sources */ = {isa = PBXBuildFile; fileRef = BD09D8C023F4F7240039A0A2 /* Contact.swift */; };
		BD09D8C323F4F8200039A0A2 /* Address .swift in Sources */ = {isa = PBXBuildFile; fileRef = BD09D8C223F4F8200039A0A2 /* Address .swift */; };
/* End PBXBuildFile section */

/* Begin PBXCopyFilesBuildPhase section */
		9B98781323F4BD1D00ECCBD5 /* CopyFiles */ = {
			isa = PBXCopyFilesBuildPhase;
			buildActionMask = 2147483647;
			dstPath = /usr/share/man/man1/;
			dstSubfolderSpec = 0;
			files = (
			);
			runOnlyForDeploymentPostprocessing = 1;
		};
/* End PBXCopyFilesBuildPhase section */

/* Begin PBXFileReference section */
		9B98781523F4BD1D00ECCBD5 /* RenterProjectW2020MAD3004 */ = {isa = PBXFileReference; explicitFileType = "compiled.mach-o.executable"; includeInIndex = 0; path = RenterProjectW2020MAD3004; sourceTree = BUILT_PRODUCTS_DIR; };
		9B98781823F4BD1D00ECCBD5 /* main.swift */ = {isa = PBXFileReference; lastKnownFileType = sourcecode.swift; path = main.swift; sourceTree = "<group>"; };
		9B98781F23F4C09C00ECCBD5 /* IDisplay.swift */ = {isa = PBXFileReference; lastKnownFileType = sourcecode.swift; path = IDisplay.swift; sourceTree = "<group>"; };
		9B98782123F4C49200ECCBD5 /* Vehicle.swift */ = {isa = PBXFileReference; lastKnownFileType = sourcecode.swift; path = Vehicle.swift; sourceTree = "<group>"; };
		BD09D8BC23F4DB080039A0A2 /* Person.swift */ = {isa = PBXFileReference; lastKnownFileType = sourcecode.swift; path = Person.swift; sourceTree = "<group>"; };
		BD09D8C023F4F7240039A0A2 /* Contact.swift */ = {isa = PBXFileReference; lastKnownFileType = sourcecode.swift; path = Contact.swift; sourceTree = "<group>"; };
		BD09D8C223F4F8200039A0A2 /* Address .swift */ = {isa = PBXFileReference; lastKnownFileType = sourcecode.swift; path = "Address .swift"; sourceTree = "<group>"; };
/* End PBXFileReference section */

/* Begin PBXFrameworksBuildPhase section */
		9B98781223F4BD1D00ECCBD5 /* Frameworks */ = {
			isa = PBXFrameworksBuildPhase;
			buildActionMask = 2147483647;
			files = (
			);
			runOnlyForDeploymentPostprocessing = 0;
		};
/* End PBXFrameworksBuildPhase section */

/* Begin PBXGroup section */
		9B98780C23F4BD1D00ECCBD5 = {
			isa = PBXGroup;
			children = (
				9B98781723F4BD1D00ECCBD5 /* RenterProjectW2020MAD3004 */,
				9B98781623F4BD1D00ECCBD5 /* Products */,
			);
			sourceTree = "<group>";
		};
		9B98781623F4BD1D00ECCBD5 /* Products */ = {
			isa = PBXGroup;
			children = (
				9B98781523F4BD1D00ECCBD5 /* RenterProjectW2020MAD3004 */,
			);
			name = Products;
			sourceTree = "<group>";
		};
		9B98781723F4BD1D00ECCBD5 /* RenterProjectW2020MAD3004 */ = {
			isa = PBXGroup;
			children = (
				9B98781823F4BD1D00ECCBD5 /* main.swift */,
				9B98781F23F4C09C00ECCBD5 /* IDisplay.swift */,
				BD09D8BC23F4DB080039A0A2 /* Person.swift */,
				BD09D8C223F4F8200039A0A2 /* Address .swift */,
				BD09D8C023F4F7240039A0A2 /* Contact.swift */,
				9B98782123F4C49200ECCBD5 /* Vehicle.swift */,
			);
			path = RenterProjectW2020MAD3004;
			sourceTree = "<group>";
		};
/* End PBXGroup section */

/* Begin PBXNativeTarget section */
		9B98781423F4BD1D00ECCBD5 /* RenterProjectW2020MAD3004 */ = {
			isa = PBXNativeTarget;
			buildConfigurationList = 9B98781C23F4BD1D00ECCBD5 /* Build configuration list for PBXNativeTarget "RenterProjectW2020MAD3004" */;
			buildPhases = (
				9B98781123F4BD1D00ECCBD5 /* Sources */,
				9B98781223F4BD1D00ECCBD5 /* Frameworks */,
				9B98781323F4BD1D00ECCBD5 /* CopyFiles */,
			);
			buildRules = (
			);
			dependencies = (
			);
			name = RenterProjectW2020MAD3004;
			productName = RenterProjectW2020MAD3004;
			productReference = 9B98781523F4BD1D00ECCBD5 /* RenterProjectW2020MAD3004 */;
			productType = "com.apple.product-type.tool";
		};
/* End PBXNativeTarget section */

/* Begin PBXProject section */
		9B98780D23F4BD1D00ECCBD5 /* Project object */ = {
			isa = PBXProject;
			attributes = {
				LastSwiftUpdateCheck = 1130;
				LastUpgradeCheck = 1130;
				ORGANIZATIONNAME = com.lambton;
				TargetAttributes = {
					9B98781423F4BD1D00ECCBD5 = {
						CreatedOnToolsVersion = 11.3;
					};
				};
			};
			buildConfigurationList = 9B98781023F4BD1D00ECCBD5 /* Build configuration list for PBXProject "RenterProjectW2020MAD3004" */;
			compatibilityVersion = "Xcode 9.3";
			developmentRegion = en;
			hasScannedForEncodings = 0;
			knownRegions = (
				en,
				Base,
			);
			mainGroup = 9B98780C23F4BD1D00ECCBD5;
			productRefGroup = 9B98781623F4BD1D00ECCBD5 /* Products */;
			projectDirPath = "";
			projectRoot = "";
			targets = (
				9B98781423F4BD1D00ECCBD5 /* RenterProjectW2020MAD3004 */,
			);
		};
/* End PBXProject section */

/* Begin PBXSourcesBuildPhase section */
		9B98781123F4BD1D00ECCBD5 /* Sources */ = {
			isa = PBXSourcesBuildPhase;
			buildActionMask = 2147483647;
			files = (
				9B98782223F4C49200ECCBD5 /* Vehicle.swift in Sources */,
				9B98782023F4C09C00ECCBD5 /* IDisplay.swift in Sources */,
				BD09D8C123F4F7240039A0A2 /* Contact.swift in Sources */,
				BD09D8C323F4F8200039A0A2 /* Address .swift in Sources */,
				BD09D8BD23F4DB080039A0A2 /* Person.swift in Sources */,
				9B98781923F4BD1D00ECCBD5 /* main.swift in Sources */,
			);
			runOnlyForDeploymentPostprocessing = 0;
		};
/* End PBXSourcesBuildPhase section */

/* Begin XCBuildConfiguration section */
		9B98781A23F4BD1D00ECCBD5 /* Debug */ = {
			isa = XCBuildConfiguration;
			buildSettings = {
				ALWAYS_SEARCH_USER_PATHS = NO;
				CLANG_ANALYZER_NONNULL = YES;
				CLANG_ANALYZER_NUMBER_OBJECT_CONVERSION = YES_AGGRESSIVE;
				CLANG_CXX_LANGUAGE_STANDARD = "gnu++14";
				CLANG_CXX_LIBRARY = "libc++";
				CLANG_ENABLE_MODULES = YES;
				CLANG_ENABLE_OBJC_ARC = YES;
				CLANG_ENABLE_OBJC_WEAK = YES;
				CLANG_WARN_BLOCK_CAPTURE_AUTORELEASING = YES;
				CLANG_WARN_BOOL_CONVERSION = YES;
				CLANG_WARN_COMMA = YES;
				CLANG_WARN_CONSTANT_CONVERSION = YES;
				CLANG_WARN_DEPRECATED_OBJC_IMPLEMENTATIONS = YES;
				CLANG_WARN_DIRECT_OBJC_ISA_USAGE = YES_ERROR;
				CLANG_WARN_DOCUMENTATION_COMMENTS = YES;
				CLANG_WARN_EMPTY_BODY = YES;
				CLANG_WARN_ENUM_CONVERSION = YES;
				CLANG_WARN_INFINITE_RECURSION = YES;
				CLANG_WARN_INT_CONVERSION = YES;
				CLANG_WARN_NON_LITERAL_NULL_CONVERSION = YES;
				CLANG_WARN_OBJC_IMPLICIT_RETAIN_SELF = YES;
				CLANG_WARN_OBJC_LITERAL_CONVERSION = YES;
				CLANG_WARN_OBJC_ROOT_CLASS = YES_ERROR;
				CLANG_WARN_RANGE_LOOP_ANALYSIS = YES;
				CLANG_WARN_STRICT_PROTOTYPES = YES;
				CLANG_WARN_SUSPICIOUS_MOVE = YES;
				CLANG_WARN_UNGUARDED_AVAILABILITY = YES_AGGRESSIVE;
				CLANG_WARN_UNREACHABLE_CODE = YES;
				CLANG_WARN__DUPLICATE_METHOD_MATCH = YES;
				COPY_PHASE_STRIP = NO;
				DEBUG_INFORMATION_FORMAT = dwarf;
				ENABLE_STRICT_OBJC_MSGSEND = YES;
				ENABLE_TESTABILITY = YES;
				GCC_C_LANGUAGE_STANDARD = gnu11;
				GCC_DYNAMIC_NO_PIC = NO;
				GCC_NO_COMMON_BLOCKS = YES;
				GCC_OPTIMIZATION_LEVEL = 0;
				GCC_PREPROCESSOR_DEFINITIONS = (
					"DEBUG=1",
					"$(inherited)",
				);
				GCC_WARN_64_TO_32_BIT_CONVERSION = YES;
				GCC_WARN_ABOUT_RETURN_TYPE = YES_ERROR;
				GCC_WARN_UNDECLARED_SELECTOR = YES;
				GCC_WARN_UNINITIALIZED_AUTOS = YES_AGGRESSIVE;
				GCC_WARN_UNUSED_FUNCTION = YES;
				GCC_WARN_UNUSED_VARIABLE = YES;
				MACOSX_DEPLOYMENT_TARGET = 10.15;
				MTL_ENABLE_DEBUG_INFO = INCLUDE_SOURCE;
				MTL_FAST_MATH = YES;
				ONLY_ACTIVE_ARCH = YES;
				SDKROOT = macosx;
				SWIFT_ACTIVE_COMPILATION_CONDITIONS = DEBUG;
				SWIFT_OPTIMIZATION_LEVEL = "-Onone";
			};
			name = Debug;
		};
		9B98781B23F4BD1D00ECCBD5 /* Release */ = {
			isa = XCBuildConfiguration;
			buildSettings = {
				ALWAYS_SEARCH_USER_PATHS = NO;
				CLANG_ANALYZER_NONNULL = YES;
				CLANG_ANALYZER_NUMBER_OBJECT_CONVERSION = YES_AGGRESSIVE;
				CLANG_CXX_LANGUAGE_STANDARD = "gnu++14";
				CLANG_CXX_LIBRARY = "libc++";
				CLANG_ENABLE_MODULES = YES;
				CLANG_ENABLE_OBJC_ARC = YES;
				CLANG_ENABLE_OBJC_WEAK = YES;
				CLANG_WARN_BLOCK_CAPTURE_AUTORELEASING = YES;
				CLANG_WARN_BOOL_CONVERSION = YES;
				CLANG_WARN_COMMA = YES;
				CLANG_WARN_CONSTANT_CONVERSION = YES;
				CLANG_WARN_DEPRECATED_OBJC_IMPLEMENTATIONS = YES;
				CLANG_WARN_DIRECT_OBJC_ISA_USAGE = YES_ERROR;
				CLANG_WARN_DOCUMENTATION_COMMENTS = YES;
				CLANG_WARN_EMPTY_BODY = YES;
				CLANG_WARN_ENUM_CONVERSION = YES;
				CLANG_WARN_INFINITE_RECURSION = YES;
				CLANG_WARN_INT_CONVERSION = YES;
				CLANG_WARN_NON_LITERAL_NULL_CONVERSION = YES;
				CLANG_WARN_OBJC_IMPLICIT_RETAIN_SELF = YES;
				CLANG_WARN_OBJC_LITERAL_CONVERSION = YES;
				CLANG_WARN_OBJC_ROOT_CLASS = YES_ERROR;
				CLANG_WARN_RANGE_LOOP_ANALYSIS = YES;
				CLANG_WARN_STRICT_PROTOTYPES = YES;
				CLANG_WARN_SUSPICIOUS_MOVE = YES;
				CLANG_WARN_UNGUARDED_AVAILABILITY = YES_AGGRESSIVE;
				CLANG_WARN_UNREACHABLE_CODE = YES;
				CLANG_WARN__DUPLICATE_METHOD_MATCH = YES;
				COPY_PHASE_STRIP = NO;
				DEBUG_INFORMATION_FORMAT = "dwarf-with-dsym";
				ENABLE_NS_ASSERTIONS = NO;
				ENABLE_STRICT_OBJC_MSGSEND = YES;
				GCC_C_LANGUAGE_STANDARD = gnu11;
				GCC_NO_COMMON_BLOCKS = YES;
				GCC_WARN_64_TO_32_BIT_CONVERSION = YES;
				GCC_WARN_ABOUT_RETURN_TYPE = YES_ERROR;
				GCC_WARN_UNDECLARED_SELECTOR = YES;
				GCC_WARN_UNINITIALIZED_AUTOS = YES_AGGRESSIVE;
				GCC_WARN_UNUSED_FUNCTION = YES;
				GCC_WARN_UNUSED_VARIABLE = YES;
				MACOSX_DEPLOYMENT_TARGET = 10.15;
				MTL_ENABLE_DEBUG_INFO = NO;
				MTL_FAST_MATH = YES;
				SDKROOT = macosx;
				SWIFT_COMPILATION_MODE = wholemodule;
				SWIFT_OPTIMIZATION_LEVEL = "-O";
			};
			name = Release;
		};
		9B98781D23F4BD1D00ECCBD5 /* Debug */ = {
			isa = XCBuildConfiguration;
			buildSettings = {
				CODE_SIGN_STYLE = Automatic;
				PRODUCT_NAME = "$(TARGET_NAME)";
				SWIFT_VERSION = 5.0;
			};
			name = Debug;
		};
		9B98781E23F4BD1D00ECCBD5 /* Release */ = {
			isa = XCBuildConfiguration;
			buildSettings = {
				CODE_SIGN_STYLE = Automatic;
				PRODUCT_NAME = "$(TARGET_NAME)";
				SWIFT_VERSION = 5.0;
			};
			name = Release;
		};
/* End XCBuildConfiguration section */

/* Begin XCConfigurationList section */
		9B98781023F4BD1D00ECCBD5 /* Build configuration list for PBXProject "RenterProjectW2020MAD3004" */ = {
			isa = XCConfigurationList;
			buildConfigurations = (
				9B98781A23F4BD1D00ECCBD5 /* Debug */,
				9B98781B23F4BD1D00ECCBD5 /* Release */,
			);
			defaultConfigurationIsVisible = 0;
			defaultConfigurationName = Release;
		};
		9B98781C23F4BD1D00ECCBD5 /* Build configuration list for PBXNativeTarget "RenterProjectW2020MAD3004" */ = {
			isa = XCConfigurationList;
			buildConfigurations = (
				9B98781D23F4BD1D00ECCBD5 /* Debug */,
				9B98781E23F4BD1D00ECCBD5 /* Release */,
			);
			defaultConfigurationIsVisible = 0;
			defaultConfigurationName = Release;
		};
/* End XCConfigurationList section */
	};
	rootObject = 9B98780D23F4BD1D00ECCBD5 /* Project object */;
}
